{
  "lockfileVersion": 1,
  "configVersion": 1,
  "workspaces": {
    "": {
      "name": "client",
      "dependencies": {
        "svelte": "^5.46.1",
      },
      "devDependencies": {
        "@biomejs/biome": "2.3.8",
        "@rsbuild/core": "^1.7.1",
        "@rsbuild/plugin-sass": "^1.5.0",
        "@rsbuild/plugin-svelte": "^1.0.11",
        "svelte-check": "^4.3.5",
        "typescript": "^5.9.3",
      },
    },
  },
  "packages": {
    "@biomejs/biome": ["@biomejs/biome@2.3.8", "", { "optionalDependencies": { "@biomejs/cli-darwin-arm64": "2.3.8", "@biomejs/cli-darwin-x64": "2.3.8", "@biomejs/cli-linux-arm64": "2.3.8", "@biomejs/cli-linux-arm64-musl": "2.3.8", "@biomejs/cli-linux-x64": "2.3.8", "@biomejs/cli-linux-x64-musl": "2.3.8", "@biomejs/cli-win32-arm64": "2.3.8", "@biomejs/cli-win32-x64": "2.3.8" }, "bin": { "biome": "bin/biome" } }, "sha512-Qjsgoe6FEBxWAUzwFGFrB+1+M8y/y5kwmg5CHac+GSVOdmOIqsAiXM5QMVGZJ1eCUCLlPZtq4aFAQ0eawEUuUA=="],

    "@biomejs/cli-darwin-arm64": ["@biomejs/cli-darwin-arm64@2.3.8", "", { "os": "darwin", "cpu": "arm64" }, "sha512-HM4Zg9CGQ3txTPflxD19n8MFPrmUAjaC7PQdLkugeeC0cQ+PiVrd7i09gaBS/11QKsTDBJhVg85CEIK9f50Qww=="],

    "@biomejs/cli-darwin-x64": ["@biomejs/cli-darwin-x64@2.3.8", "", { "os": "darwin", "cpu": "x64" }, "sha512-lUDQ03D7y/qEao7RgdjWVGCu+BLYadhKTm40HkpJIi6kn8LSv5PAwRlew/DmwP4YZ9ke9XXoTIQDO1vAnbRZlA=="],

    "@biomejs/cli-linux-arm64": ["@biomejs/cli-linux-arm64@2.3.8", "", { "os": "linux", "cpu": "arm64" }, "sha512-Uo1OJnIkJgSgF+USx970fsM/drtPcQ39I+JO+Fjsaa9ZdCN1oysQmy6oAGbyESlouz+rzEckLTF6DS7cWse95g=="],

    "@biomejs/cli-linux-arm64-musl": ["@biomejs/cli-linux-arm64-musl@2.3.8", "", { "os": "linux", "cpu": "arm64" }, "sha512-PShR4mM0sjksUMyxbyPNMxoKFPVF48fU8Qe8Sfx6w6F42verbwRLbz+QiKNiDPRJwUoMG1nPM50OBL3aOnTevA=="],

    "@biomejs/cli-linux-x64": ["@biomejs/cli-linux-x64@2.3.8", "", { "os": "linux", "cpu": "x64" }, "sha512-QDPMD5bQz6qOVb3kiBui0zKZXASLo0NIQ9JVJio5RveBEFgDgsvJFUvZIbMbUZT3T00M/1wdzwWXk4GIh0KaAw=="],

    "@biomejs/cli-linux-x64-musl": ["@biomejs/cli-linux-x64-musl@2.3.8", "", { "os": "linux", "cpu": "x64" }, "sha512-YGLkqU91r1276uwSjiUD/xaVikdxgV1QpsicT0bIA1TaieM6E5ibMZeSyjQ/izBn4tKQthUSsVZacmoJfa3pDA=="],

    "@biomejs/cli-win32-arm64": ["@biomejs/cli-win32-arm64@2.3.8", "", { "os": "win32", "cpu": "arm64" }, "sha512-H4IoCHvL1fXKDrTALeTKMiE7GGWFAraDwBYFquE/L/5r1927Te0mYIGseXi4F+lrrwhSWbSGt5qPFswNoBaCxg=="],

    "@biomejs/cli-win32-x64": ["@biomejs/cli-win32-x64@2.3.8", "", { "os": "win32", "cpu": "x64" }, "sha512-RguzimPoZWtBapfKhKjcWXBVI91tiSprqdBYu7tWhgN8pKRZhw24rFeNZTNf6UiBfjCYCi9eFQs/JzJZIhuK4w=="],

    "@bufbuild/protobuf": ["@bufbuild/protobuf@2.11.0", "", {}, "sha512-sBXGT13cpmPR5BMgHE6UEEfEaShh5Ror6rfN3yEK5si7QVrtZg8LEPQb0VVhiLRUslD2yLnXtnRzG035J/mZXQ=="],

    "@emnapi/core": ["@emnapi/core@1.8.1", "", { "dependencies": { "@emnapi/wasi-threads": "1.1.0", "tslib": "^2.4.0" } }, "sha512-AvT9QFpxK0Zd8J0jopedNm+w/2fIzvtPKPjqyw9jwvBaReTTqPBk9Hixaz7KbjimP+QNz605/XnjFcDAL2pqBg=="],

    "@emnapi/runtime": ["@emnapi/runtime@1.8.1", "", { "dependencies": { "tslib": "^2.4.0" } }, "sha512-mehfKSMWjjNol8659Z8KxEMrdSJDDot5SXMq00dM8BN4o+CLNXQ0xH2V7EchNHV4RmbZLmmPdEaXZc5H2FXmDg=="],

    "@emnapi/wasi-threads": ["@emnapi/wasi-threads@1.1.0", "", { "dependencies": { "tslib": "^2.4.0" } }, "sha512-WI0DdZ8xFSbgMjR1sFsKABJ/C5OnRrjT06JXbZKexJGrDuPTzZdDYfFlsgcCXCyf+suG5QU2e/y1Wo2V/OapLQ=="],

    "@jridgewell/gen-mapping": ["@jridgewell/gen-mapping@0.3.13", "", { "dependencies": { "@jridgewell/sourcemap-codec": "^1.5.0", "@jridgewell/trace-mapping": "^0.3.24" } }, "sha512-2kkt/7niJ6MgEPxF0bYdQ6etZaA+fQvDcLKckhy1yIQOzaoKjBBjSj63/aLVjYE3qhRt5dvM+uUyfCg6UKCBbA=="],

    "@jridgewell/remapping": ["@jridgewell/remapping@2.3.5", "", { "dependencies": { "@jridgewell/gen-mapping": "^0.3.5", "@jridgewell/trace-mapping": "^0.3.24" } }, "sha512-LI9u/+laYG4Ds1TDKSJW2YPrIlcVYOwi2fUC6xB43lueCjgxV4lffOCZCtYFiH6TNOX+tQKXx97T4IKHbhyHEQ=="],

    "@jridgewell/resolve-uri": ["@jridgewell/resolve-uri@3.1.2", "", {}, "sha512-bRISgCIjP20/tbWSPWMEi54QVPRZExkuD9lJL+UIxUKtwVJA8wW1Trb1jMs1RFXo1CBTNZ/5hpC9QvmKWdopKw=="],

    "@jridgewell/sourcemap-codec": ["@jridgewell/sourcemap-codec@1.5.5", "", {}, "sha512-cYQ9310grqxueWbl+WuIUIaiUaDcj7WOq5fVhEljNVgRfOUhY9fy2zTvfoqWsnebh8Sl70VScFbICvJnLKB0Og=="],

    "@jridgewell/trace-mapping": ["@jridgewell/trace-mapping@0.3.31", "", { "dependencies": { "@jridgewell/resolve-uri": "^3.1.0", "@jridgewell/sourcemap-codec": "^1.4.14" } }, "sha512-zzNR+SdQSDJzc8joaeP8QQoCQr8NuYx2dIIytl1QeBEZHJ9uW6hebsrYgbz8hJwUQao3TWCMtmfV8Nu1twOLAw=="],

    "@module-federation/error-codes": ["@module-federation/error-codes@0.22.0", "", {}, "sha512-xF9SjnEy7vTdx+xekjPCV5cIHOGCkdn3pIxo9vU7gEZMIw0SvAEdsy6Uh17xaCpm8V0FWvR0SZoK9Ik6jGOaug=="],

    "@module-federation/runtime": ["@module-federation/runtime@0.22.0", "", { "dependencies": { "@module-federation/error-codes": "0.22.0", "@module-federation/runtime-core": "0.22.0", "@module-federation/sdk": "0.22.0" } }, "sha512-38g5iPju2tPC3KHMPxRKmy4k4onNp6ypFPS1eKGsNLUkXgHsPMBFqAjDw96iEcjri91BrahG4XcdyKi97xZzlA=="],

    "@module-federation/runtime-core": ["@module-federation/runtime-core@0.22.0", "", { "dependencies": { "@module-federation/error-codes": "0.22.0", "@module-federation/sdk": "0.22.0" } }, "sha512-GR1TcD6/s7zqItfhC87zAp30PqzvceoeDGYTgF3Vx2TXvsfDrhP6Qw9T4vudDQL3uJRne6t7CzdT29YyVxlgIA=="],

    "@module-federation/runtime-tools": ["@module-federation/runtime-tools@0.22.0", "", { "dependencies": { "@module-federation/runtime": "0.22.0", "@module-federation/webpack-bundler-runtime": "0.22.0" } }, "sha512-4ScUJ/aUfEernb+4PbLdhM/c60VHl698Gn1gY21m9vyC1Ucn69fPCA1y2EwcCB7IItseRMoNhdcWQnzt/OPCNA=="],

    "@module-federation/sdk": ["@module-federation/sdk@0.22.0", "", {}, "sha512-x4aFNBKn2KVQRuNVC5A7SnrSCSqyfIWmm1DvubjbO9iKFe7ith5niw8dqSFBekYBg2Fwy+eMg4sEFNVvCAdo6g=="],

    "@module-federation/webpack-bundler-runtime": ["@module-federation/webpack-bundler-runtime@0.22.0", "", { "dependencies": { "@module-federation/runtime": "0.22.0", "@module-federation/sdk": "0.22.0" } }, "sha512-aM8gCqXu+/4wBmJtVeMeeMN5guw3chf+2i6HajKtQv7SJfxV/f4IyNQJUeUQu9HfiAZHjqtMV5Lvq/Lvh8LdyA=="],

    "@napi-rs/wasm-runtime": ["@napi-rs/wasm-runtime@1.0.7", "", { "dependencies": { "@emnapi/core": "^1.5.0", "@emnapi/runtime": "^1.5.0", "@tybys/wasm-util": "^0.10.1" } }, "sha512-SeDnOO0Tk7Okiq6DbXmmBODgOAb9dp9gjlphokTUxmt8U3liIP1ZsozBahH69j/RJv+Rfs6IwUKHTgQYJ/HBAw=="],

    "@parcel/watcher": ["@parcel/watcher@2.5.6", "", { "dependencies": { "detect-libc": "^2.0.3", "is-glob": "^4.0.3", "node-addon-api": "^7.0.0", "picomatch": "^4.0.3" }, "optionalDependencies": { "@parcel/watcher-android-arm64": "2.5.6", "@parcel/watcher-darwin-arm64": "2.5.6", "@parcel/watcher-darwin-x64": "2.5.6", "@parcel/watcher-freebsd-x64": "2.5.6", "@parcel/watcher-linux-arm-glibc": "2.5.6", "@parcel/watcher-linux-arm-musl": "2.5.6", "@parcel/watcher-linux-arm64-glibc": "2.5.6", "@parcel/watcher-linux-arm64-musl": "2.5.6", "@parcel/watcher-linux-x64-glibc": "2.5.6", "@parcel/watcher-linux-x64-musl": "2.5.6", "@parcel/watcher-win32-arm64": "2.5.6", "@parcel/watcher-win32-ia32": "2.5.6", "@parcel/watcher-win32-x64": "2.5.6" } }, "sha512-tmmZ3lQxAe/k/+rNnXQRawJ4NjxO2hqiOLTHvWchtGZULp4RyFeh6aU4XdOYBFe2KE1oShQTv4AblOs2iOrNnQ=="],

    "@parcel/watcher-android-arm64": ["@parcel/watcher-android-arm64@2.5.6", "", { "os": "android", "cpu": "arm64" }, "sha512-YQxSS34tPF/6ZG7r/Ih9xy+kP/WwediEUsqmtf0cuCV5TPPKw/PQHRhueUo6JdeFJaqV3pyjm0GdYjZotbRt/A=="],

    "@parcel/watcher-darwin-arm64": ["@parcel/watcher-darwin-arm64@2.5.6", "", { "os": "darwin", "cpu": "arm64" }, "sha512-Z2ZdrnwyXvvvdtRHLmM4knydIdU9adO3D4n/0cVipF3rRiwP+3/sfzpAwA/qKFL6i1ModaabkU7IbpeMBgiVEA=="],

    "@parcel/watcher-darwin-x64": ["@parcel/watcher-darwin-x64@2.5.6", "", { "os": "darwin", "cpu": "x64" }, "sha512-HgvOf3W9dhithcwOWX9uDZyn1lW9R+7tPZ4sug+NGrGIo4Rk1hAXLEbcH1TQSqxts0NYXXlOWqVpvS1SFS4fRg=="],

    "@parcel/watcher-freebsd-x64": ["@parcel/watcher-freebsd-x64@2.5.6", "", { "os": "freebsd", "cpu": "x64" }, "sha512-vJVi8yd/qzJxEKHkeemh7w3YAn6RJCtYlE4HPMoVnCpIXEzSrxErBW5SJBgKLbXU3WdIpkjBTeUNtyBVn8TRng=="],

    "@parcel/watcher-linux-arm-glibc": ["@parcel/watcher-linux-arm-glibc@2.5.6", "", { "os": "linux", "cpu": "arm" }, "sha512-9JiYfB6h6BgV50CCfasfLf/uvOcJskMSwcdH1PHH9rvS1IrNy8zad6IUVPVUfmXr+u+Km9IxcfMLzgdOudz9EQ=="],

    "@parcel/watcher-linux-arm-musl": ["@parcel/watcher-linux-arm-musl@2.5.6", "", { "os": "linux", "cpu": "arm" }, "sha512-Ve3gUCG57nuUUSyjBq/MAM0CzArtuIOxsBdQ+ftz6ho8n7s1i9E1Nmk/xmP323r2YL0SONs1EuwqBp2u1k5fxg=="],

    "@parcel/watcher-linux-arm64-glibc": ["@parcel/watcher-linux-arm64-glibc@2.5.6", "", { "os": "linux", "cpu": "arm64" }, "sha512-f2g/DT3NhGPdBmMWYoxixqYr3v/UXcmLOYy16Bx0TM20Tchduwr4EaCbmxh1321TABqPGDpS8D/ggOTaljijOA=="],

    "@parcel/watcher-linux-arm64-musl": ["@parcel/watcher-linux-arm64-musl@2.5.6", "", { "os": "linux", "cpu": "arm64" }, "sha512-qb6naMDGlbCwdhLj6hgoVKJl2odL34z2sqkC7Z6kzir8b5W65WYDpLB6R06KabvZdgoHI/zxke4b3zR0wAbDTA=="],

    "@parcel/watcher-linux-x64-glibc": ["@parcel/watcher-linux-x64-glibc@2.5.6", "", { "os": "linux", "cpu": "x64" }, "sha512-kbT5wvNQlx7NaGjzPFu8nVIW1rWqV780O7ZtkjuWaPUgpv2NMFpjYERVi0UYj1msZNyCzGlaCWEtzc+exjMGbQ=="],

    "@parcel/watcher-linux-x64-musl": ["@parcel/watcher-linux-x64-musl@2.5.6", "", { "os": "linux", "cpu": "x64" }, "sha512-1JRFeC+h7RdXwldHzTsmdtYR/Ku8SylLgTU/reMuqdVD7CtLwf0VR1FqeprZ0eHQkO0vqsbvFLXUmYm/uNKJBg=="],

    "@parcel/watcher-win32-arm64": ["@parcel/watcher-win32-arm64@2.5.6", "", { "os": "win32", "cpu": "arm64" }, "sha512-3ukyebjc6eGlw9yRt678DxVF7rjXatWiHvTXqphZLvo7aC5NdEgFufVwjFfY51ijYEWpXbqF5jtrK275z52D4Q=="],

    "@parcel/watcher-win32-ia32": ["@parcel/watcher-win32-ia32@2.5.6", "", { "os": "win32", "cpu": "ia32" }, "sha512-k35yLp1ZMwwee3Ez/pxBi5cf4AoBKYXj00CZ80jUz5h8prpiaQsiRPKQMxoLstNuqe2vR4RNPEAEcjEFzhEz/g=="],

    "@parcel/watcher-win32-x64": ["@parcel/watcher-win32-x64@2.5.6", "", { "os": "win32", "cpu": "x64" }, "sha512-hbQlYcCq5dlAX9Qx+kFb0FHue6vbjlf0FrNzSKdYK2APUf7tGfGxQCk2ihEREmbR6ZMc0MVAD5RIX/41gpUzTw=="],

    "@rsbuild/core": ["@rsbuild/core@1.7.3", "", { "dependencies": { "@rspack/core": "~1.7.5", "@rspack/lite-tapable": "~1.1.0", "@swc/helpers": "^0.5.18", "core-js": "~3.47.0", "jiti": "^2.6.1" }, "bin": { "rsbuild": "bin/rsbuild.js" } }, "sha512-kI1oQvCXbQYxUvQPnDLdjSX4gFsbrFNpuUj6jXEJ7IcJ74Q+n4oeFj74/8tKerhxhe0L90m/ZQfzLeN5ORGA9w=="],

    "@rsbuild/plugin-sass": ["@rsbuild/plugin-sass@1.5.0", "", { "dependencies": { "deepmerge": "^4.3.1", "loader-utils": "^2.0.4", "postcss": "^8.5.6", "reduce-configs": "^1.1.1", "sass-embedded": "^1.97.3" }, "peerDependencies": { "@rsbuild/core": "^1.3.0 || ^2.0.0-0" } }, "sha512-m9eLjN8KQe43obVAevy8ivbcAVWJkChxooWev9m+7JZYSDPW1Fr3Zmc5ZBkroQUy8NxGTj/eWc434TmtzL2Mrw=="],

    "@rsbuild/plugin-svelte": ["@rsbuild/plugin-svelte@1.1.0", "", { "dependencies": { "svelte-loader": "3.2.4", "svelte-preprocess": "^6.0.3" }, "peerDependencies": { "@rsbuild/core": "^1.0.0 || ^2.0.0-0" } }, "sha512-dUhGMAwoTPNz6pz+gFCseqTWn0Gz+zrqBkCLmGlfGpc0OLF7W/m9eb23fLZjKtsCkhmueboje/v//rhCqRNVWQ=="],

    "@rspack/binding": ["@rspack/binding@1.7.6", "", { "optionalDependencies": { "@rspack/binding-darwin-arm64": "1.7.6", "@rspack/binding-darwin-x64": "1.7.6", "@rspack/binding-linux-arm64-gnu": "1.7.6", "@rspack/binding-linux-arm64-musl": "1.7.6", "@rspack/binding-linux-x64-gnu": "1.7.6", "@rspack/binding-linux-x64-musl": "1.7.6", "@rspack/binding-wasm32-wasi": "1.7.6", "@rspack/binding-win32-arm64-msvc": "1.7.6", "@rspack/binding-win32-ia32-msvc": "1.7.6", "@rspack/binding-win32-x64-msvc": "1.7.6" } }, "sha512-/NrEcfo8Gx22hLGysanrV6gHMuqZSxToSci/3M4kzEQtF5cPjfOv5pqeLK/+B6cr56ul/OmE96cCdWcXeVnFjQ=="],

    "@rspack/binding-darwin-arm64": ["@rspack/binding-darwin-arm64@1.7.6", "", { "os": "darwin", "cpu": "arm64" }, "sha512-NZ9AWtB1COLUX1tA9HQQvWpTy07NSFfKBU8A6ylWd5KH8AePZztpNgLLAVPTuNO4CZXYpwcoclf8jG/luJcQdQ=="],

    "@rspack/binding-darwin-x64": ["@rspack/binding-darwin-x64@1.7.6", "", { "os": "darwin", "cpu": "x64" }, "sha512-J2g6xk8ZS7uc024dNTGTHxoFzFovAZIRixUG7PiciLKTMP78svbSSWrmW6N8oAsAkzYfJWwQpVgWfFNRHvYxSw=="],

    "@rspack/binding-linux-arm64-gnu": ["@rspack/binding-linux-arm64-gnu@1.7.6", "", { "os": "linux", "cpu": "arm64" }, "sha512-eQfcsaxhFrv5FmtaA7+O1F9/2yFDNIoPZzV/ZvqvFz5bBXVc4FAm/1fVpBg8Po/kX1h0chBc7Xkpry3cabFW8w=="],

    "@rspack/binding-linux-arm64-musl": ["@rspack/binding-linux-arm64-musl@1.7.6", "", { "os": "linux", "cpu": "arm64" }, "sha512-DfQXKiyPIl7i1yECHy4eAkSmlUzzsSAbOjgMuKn7pudsWf483jg0UUYutNgXSlBjc/QSUp7906Cg8oty9OfwPA=="],

    "@rspack/binding-linux-x64-gnu": ["@rspack/binding-linux-x64-gnu@1.7.6", "", { "os": "linux", "cpu": "x64" }, "sha512-NdA+2X3lk2GGrMMnTGyYTzM3pn+zNjaqXqlgKmFBXvjfZqzSsKq3pdD1KHZCd5QHN+Fwvoszj0JFsquEVhE1og=="],

    "@rspack/binding-linux-x64-musl": ["@rspack/binding-linux-x64-musl@1.7.6", "", { "os": "linux", "cpu": "x64" }, "sha512-rEy6MHKob02t/77YNgr6dREyJ0e0tv1X6Xsg8Z5E7rPXead06zefUbfazj4RELYySWnM38ovZyJAkPx/gOn3VA=="],

    "@rspack/binding-wasm32-wasi": ["@rspack/binding-wasm32-wasi@1.7.6", "", { "dependencies": { "@napi-rs/wasm-runtime": "1.0.7" }, "cpu": "none" }, "sha512-YupOrz0daSG+YBbCIgpDgzfMM38YpChv+afZpaxx5Ml7xPeAZIIdgWmLHnQ2rts73N2M1NspAiBwV00Xx0N4Vg=="],

    "@rspack/binding-win32-arm64-msvc": ["@rspack/binding-win32-arm64-msvc@1.7.6", "", { "os": "win32", "cpu": "arm64" }, "sha512-INj7aVXjBvlZ84kEhSK4kJ484ub0i+BzgnjDWOWM1K+eFYDZjLdAsQSS3fGGXwVc3qKbPIssFfnftATDMTEJHQ=="],

    "@rspack/binding-win32-ia32-msvc": ["@rspack/binding-win32-ia32-msvc@1.7.6", "", { "os": "win32", "cpu": "ia32" }, "sha512-lXGvC+z67UMcw58In12h8zCa9IyYRmuptUBMItQJzu+M278aMuD1nETyGLL7e4+OZ2lvrnnBIcjXN1hfw2yRzw=="],

    "@rspack/binding-win32-x64-msvc": ["@rspack/binding-win32-x64-msvc@1.7.6", "", { "os": "win32", "cpu": "x64" }, "sha512-zeUxEc0ZaPpmaYlCeWcjSJUPuRRySiSHN23oJ2Xyw0jsQ01Qm4OScPdr0RhEOFuK/UE+ANyRtDo4zJsY52Hadw=="],

    "@rspack/core": ["@rspack/core@1.7.6", "", { "dependencies": { "@module-federation/runtime-tools": "0.22.0", "@rspack/binding": "1.7.6", "@rspack/lite-tapable": "1.1.0" }, "peerDependencies": { "@swc/helpers": ">=0.5.1" }, "optionalPeers": ["@swc/helpers"] }, "sha512-Iax6UhrfZqJajA778c1d5DBFbSIqPOSrI34kpNIiNpWd8Jq7mFIa+Z60SQb5ZQDZuUxcCZikjz5BxinFjTkg7Q=="],

    "@rspack/lite-tapable": ["@rspack/lite-tapable@1.1.0", "", {}, "sha512-E2B0JhYFmVAwdDiG14+DW0Di4Ze4Jg10Pc4/lILUrd5DRCaklduz2OvJ5HYQ6G+hd+WTzqQb3QnDNfK4yvAFYw=="],

    "@sveltejs/acorn-typescript": ["@sveltejs/acorn-typescript@1.0.9", "", { "peerDependencies": { "acorn": "^8.9.0" } }, "sha512-lVJX6qEgs/4DOcRTpo56tmKzVPtoWAaVbL4hfO7t7NVwl9AAXzQR6cihesW1BmNMPl+bK6dreu2sOKBP2Q9CIA=="],

    "@swc/helpers": ["@swc/helpers@0.5.18", "", { "dependencies": { "tslib": "^2.8.0" } }, "sha512-TXTnIcNJQEKwThMMqBXsZ4VGAza6bvN4pa41Rkqoio6QBKMvo+5lexeTMScGCIxtzgQJzElcvIltani+adC5PQ=="],

    "@tybys/wasm-util": ["@tybys/wasm-util@0.10.1", "", { "dependencies": { "tslib": "^2.4.0" } }, "sha512-9tTaPJLSiejZKx+Bmog4uSubteqTvFrVrURwkmHixBo0G4seD0zUxp98E1DzUBJxLQ3NPwXrGKDiVjwx/DpPsg=="],

    "@types/estree": ["@types/estree@1.0.8", "", {}, "sha512-dWHzHa2WqEXI/O1E9OjrocMTKJl2mSrEolh1Iomrv6U+JuNwaHXsXx9bLu5gG7BUWFIN0skIQJQ/L1rIex4X6w=="],

    "acorn": ["acorn@8.15.0", "", { "bin": { "acorn": "bin/acorn" } }, "sha512-NZyJarBfL7nWwIq+FDL6Zp/yHEhePMNnnJ0y3qfieCrmNvYct8uvtiV41UvlSe6apAfk0fY1FbWx+NwfmpvtTg=="],

    "aria-query": ["aria-query@5.3.2", "", {}, "sha512-COROpnaoap1E2F000S62r6A60uHZnmlvomhfyT2DlTcrY1OrBKn2UhH7qn5wTC9zMvD0AY7csdPSNwKP+7WiQw=="],

    "axobject-query": ["axobject-query@4.1.0", "", {}, "sha512-qIj0G9wZbMGNLjLmg1PT6v2mE9AH2zlnADJD/2tC6E00hgmhUOfEB6greHPAfLRSufHqROIUTkw6E+M3lH0PTQ=="],

    "big.js": ["big.js@5.2.2", "", {}, "sha512-vyL2OymJxmarO8gxMr0mhChsO9QGwhynfuu4+MHTAW6czfq9humCB7rKpUjDd9YUiDPU4mzpyupFSvOClAwbmQ=="],

    "chokidar": ["chokidar@4.0.3", "", { "dependencies": { "readdirp": "^4.0.1" } }, "sha512-Qgzu8kfBvo+cA4962jnP1KkS6Dop5NS6g7R5LFYJr4b8Ub94PPQXUksCw9PvXoeXPRRddRNC5C1JQUR2SMGtnA=="],

    "clsx": ["clsx@2.1.1", "", {}, "sha512-eYm0QWBtUrBWZWG0d386OGAw16Z995PiOVo2B7bjWSbHedGl5e0ZWaq65kOGgUSNesEIDkB9ISbTg/JK9dhCZA=="],

    "colorjs.io": ["colorjs.io@0.5.2", "", {}, "sha512-twmVoizEW7ylZSN32OgKdXRmo1qg+wT5/6C3xu5b9QsWzSFAhHLn2xd8ro0diCsKfCj1RdaTP/nrcW+vAoQPIw=="],

    "core-js": ["core-js@3.47.0", "", {}, "sha512-c3Q2VVkGAUyupsjRnaNX6u8Dq2vAdzm9iuPj5FW0fRxzlxgq9Q39MDq10IvmQSpLgHQNyQzQmOo6bgGHmH3NNg=="],

    "deepmerge": ["deepmerge@4.3.1", "", {}, "sha512-3sUqbMEc77XqpdNO7FRyRog+eW3ph+GYCbj+rK+uYyRMuwsVy0rMiVtPn+QJlKFvWP/1PYpapqYn0Me2knFn+A=="],

    "detect-libc": ["detect-libc@2.1.2", "", {}, "sha512-Btj2BOOO83o3WyH59e8MgXsxEQVcarkUOpEYrubB0urwnN10yQ364rsiByU11nZlqWYZm05i/of7io4mzihBtQ=="],

    "devalue": ["devalue@5.6.2", "", {}, "sha512-nPRkjWzzDQlsejL1WVifk5rvcFi/y1onBRxjaFMjZeR9mFpqu2gmAZ9xUB9/IEanEP/vBtGeGganC/GO1fmufg=="],

    "emojis-list": ["emojis-list@3.0.0", "", {}, "sha512-/kyM18EfinwXZbno9FyUGeFh87KC8HRQBQGildHZbEuRyWFOmv1U10o9BBp8XVZDVNNuQKyIGIu5ZYAAXJ0V2Q=="],

    "esm-env": ["esm-env@1.2.2", "", {}, "sha512-Epxrv+Nr/CaL4ZcFGPJIYLWFom+YeV1DqMLHJoEd9SYRxNbaFruBwfEX/kkHUJf55j2+TUbmDcmuilbP1TmXHA=="],

    "esrap": ["esrap@2.2.3", "", { "dependencies": { "@jridgewell/sourcemap-codec": "^1.4.15" } }, "sha512-8fOS+GIGCQZl/ZIlhl59htOlms6U8NvX6ZYgYHpRU/b6tVSh3uHkOHZikl3D4cMbYM0JlpBe+p/BkZEi8J9XIQ=="],

    "fdir": ["fdir@6.5.0", "", { "peerDependencies": { "picomatch": "^3 || ^4" }, "optionalPeers": ["picomatch"] }, "sha512-tIbYtZbucOs0BRGqPJkshJUYdL+SDH7dVM8gjy+ERp3WAUjLEFJE+02kanyHtwjWOnwrKYBiwAmM0p4kLJAnXg=="],

    "has-flag": ["has-flag@4.0.0", "", {}, "sha512-EykJT/Q1KjTWctppgIAgfSO0tKVuZUjhgMr17kqTumMl6Afv3EISleU7qZUzoXDFTAHTDC4NOoG/ZxU3EvlMPQ=="],

    "immutable": ["immutable@5.1.4", "", {}, "sha512-p6u1bG3YSnINT5RQmx/yRZBpenIl30kVxkTLDyHLIMk0gict704Q9n+thfDI7lTRm9vXdDYutVzXhzcThxTnXA=="],

    "is-extglob": ["is-extglob@2.1.1", "", {}, "sha512-SbKbANkN603Vi4jEZv49LeVJMn4yGwsbzZworEoyEiutsN3nJYdbO36zfhGJ6QEDpOZIFkDtnq5JRxmvl3jsoQ=="],

    "is-glob": ["is-glob@4.0.3", "", { "dependencies": { "is-extglob": "^2.1.1" } }, "sha512-xelSayHH36ZgE7ZWhli7pW34hNbNl8Ojv5KVmkJD4hBdD3th8Tfk9vYasLM+mXWOZhFkgZfxhLSnrwRr4elSSg=="],

    "is-reference": ["is-reference@3.0.3", "", { "dependencies": { "@types/estree": "^1.0.6" } }, "sha512-ixkJoqQvAP88E6wLydLGGqCJsrFUnqoH6HnaczB8XmDH1oaWU+xxdptvikTgaEhtZ53Ky6YXiBuUI2WXLMCwjw=="],

    "jiti": ["jiti@2.6.1", "", { "bin": { "jiti": "lib/jiti-cli.mjs" } }, "sha512-ekilCSN1jwRvIbgeg/57YFh8qQDNbwDb9xT/qu2DAHbFFZUicIl4ygVaAvzveMhMVr3LnpSKTNnwt8PoOfmKhQ=="],

    "json5": ["json5@2.2.3", "", { "bin": { "json5": "lib/cli.js" } }, "sha512-XmOWe7eyHYH14cLdVPoyg+GOH3rYX++KpzrylJwSW98t3Nk+U8XOl8FWKOgwtzdb8lXGf6zYwDUzeHMWfxasyg=="],

    "loader-utils": ["loader-utils@2.0.4", "", { "dependencies": { "big.js": "^5.2.2", "emojis-list": "^3.0.0", "json5": "^2.1.2" } }, "sha512-xXqpXoINfFhgua9xiqD8fPFHgkoq1mmmpE92WlDbm9rNRd/EbRb+Gqf908T2DMfuHjjJlksiK2RbHVOdD/MqSw=="],

    "locate-character": ["locate-character@3.0.0", "", {}, "sha512-SW13ws7BjaeJ6p7Q6CO2nchbYEc3X3J6WrmTTDto7yMPqVSZTUyY5Tjbid+Ab8gLnATtygYtiDIJGQRRn2ZOiA=="],

    "magic-string": ["magic-string@0.30.21", "", { "dependencies": { "@jridgewell/sourcemap-codec": "^1.5.5" } }, "sha512-vd2F4YUyEXKGcLHoq+TEyCjxueSeHnFxyyjNp80yg0XV4vUhnDer/lvvlqM/arB5bXQN5K2/3oinyCRyx8T2CQ=="],

    "mri": ["mri@1.2.0", "", {}, "sha512-tzzskb3bG8LvYGFF/mDTpq3jpI6Q9wc3LEmBaghu+DdCssd1FakN7Bc0hVNmEyGq1bq3RgfkCb3cmQLpNPOroA=="],

    "nanoid": ["nanoid@3.3.11", "", { "bin": { "nanoid": "bin/nanoid.cjs" } }, "sha512-N8SpfPUnUp1bK+PMYW8qSWdl9U+wwNWI4QKxOYDy9JAro3WMX7p2OeVRF9v+347pnakNevPmiHhNmZ2HbFA76w=="],

    "node-addon-api": ["node-addon-api@7.1.1", "", {}, "sha512-5m3bsyrjFWE1xf7nz7YXdN4udnVtXK6/Yfgn5qnahL6bCkf2yKt4k3nuTKAtT4r3IG8JNR2ncsIMdZuAzJjHQQ=="],

    "picocolors": ["picocolors@1.1.1", "", {}, "sha512-xceH2snhtb5M9liqDsmEw56le376mTZkEX/jEb/RxNFyegNul7eNslCXP9FDj/Lcu0X8KEyMceP2ntpaHrDEVA=="],

    "picomatch": ["picomatch@4.0.3", "", {}, "sha512-5gTmgEY/sqK6gFXLIsQNH19lWb4ebPDLA4SdLP7dsWkIXHWlG66oPuVvXSGFPppYZz8ZDZq0dYYrbHfBCVUb1Q=="],

    "postcss": ["postcss@8.5.6", "", { "dependencies": { "nanoid": "^3.3.11", "picocolors": "^1.1.1", "source-map-js": "^1.2.1" } }, "sha512-3Ybi1tAuwAP9s0r1UQ2J4n5Y0G05bJkpUIO0/bI9MhwmD70S5aTWbXGBwxHrelT+XM1k6dM0pk+SwNkpTRN7Pg=="],

    "readdirp": ["readdirp@4.1.2", "", {}, "sha512-GDhwkLfywWL2s6vEjyhri+eXmfH6j1L7JE27WhqLeYzoh/A3DBaYGEj2H/HFZCn/kMfim73FXxEJTw06WtxQwg=="],

    "reduce-configs": ["reduce-configs@1.1.1", "", {}, "sha512-EYtsVGAQarE8daT54cnaY1PIknF2VB78ug6Zre2rs36EsJfC40EG6hmTU2A2P1ZuXnKAt2KI0fzOGHcX7wzdPw=="],

    "rxjs": ["rxjs@7.8.2", "", { "dependencies": { "tslib": "^2.1.0" } }, "sha512-dhKf903U/PQZY6boNNtAGdWbG85WAbjT/1xYoZIC7FAY0yWapOBQVsVrDl58W86//e1VpMNBtRV4MaXfdMySFA=="],

    "sade": ["sade@1.8.1", "", { "dependencies": { "mri": "^1.1.0" } }, "sha512-xal3CZX1Xlo/k4ApwCFrHVACi9fBqJ7V+mwhBsuf/1IOKbBy098Fex+Wa/5QMubw09pSZ/u8EY8PWgevJsXp1A=="],

    "sass": ["sass@1.97.3", "", { "dependencies": { "chokidar": "^4.0.0", "immutable": "^5.0.2", "source-map-js": ">=0.6.2 <2.0.0" }, "optionalDependencies": { "@parcel/watcher": "^2.4.1" }, "bin": { "sass": "sass.js" } }, "sha512-fDz1zJpd5GycprAbu4Q2PV/RprsRtKC/0z82z0JLgdytmcq0+ujJbJ/09bPGDxCLkKY3Np5cRAOcWiVkLXJURg=="],

    "sass-embedded": ["sass-embedded@1.97.3", "", { "dependencies": { "@bufbuild/protobuf": "^2.5.0", "colorjs.io": "^0.5.0", "immutable": "^5.0.2", "rxjs": "^7.4.0", "supports-color": "^8.1.1", "sync-child-process": "^1.0.2", "varint": "^6.0.0" }, "optionalDependencies": { "sass-embedded-all-unknown": "1.97.3", "sass-embedded-android-arm": "1.97.3", "sass-embedded-android-arm64": "1.97.3", "sass-embedded-android-riscv64": "1.97.3", "sass-embedded-android-x64": "1.97.3", "sass-embedded-darwin-arm64": "1.97.3", "sass-embedded-darwin-x64": "1.97.3", "sass-embedded-linux-arm": "1.97.3", "sass-embedded-linux-arm64": "1.97.3", "sass-embedded-linux-musl-arm": "1.97.3", "sass-embedded-linux-musl-arm64": "1.97.3", "sass-embedded-linux-musl-riscv64": "1.97.3", "sass-embedded-linux-musl-x64": "1.97.3", "sass-embedded-linux-riscv64": "1.97.3", "sass-embedded-linux-x64": "1.97.3", "sass-embedded-unknown-all": "1.97.3", "sass-embedded-win32-arm64": "1.97.3", "sass-embedded-win32-x64": "1.97.3" }, "bin": { "sass": "dist/bin/sass.js" } }, "sha512-eKzFy13Nk+IRHhlAwP3sfuv+PzOrvzUkwJK2hdoCKYcWGSdmwFpeGpWmyewdw8EgBnsKaSBtgf/0b2K635ecSA=="],

    "sass-embedded-all-unknown": ["sass-embedded-all-unknown@1.97.3", "", { "dependencies": { "sass": "1.97.3" }, "cpu": [ "!arm", "!x64", "!arm64", ] }, "sha512-t6N46NlPuXiY3rlmG6/+1nwebOBOaLFOOVqNQOC2cJhghOD4hh2kHNQQTorCsbY9S1Kir2la1/XLBwOJfui0xg=="],

    "sass-embedded-android-arm": ["sass-embedded-android-arm@1.97.3", "", { "os": "android", "cpu": "arm" }, "sha512-cRTtf/KV/q0nzGZoUzVkeIVVFv3L/tS1w4WnlHapphsjTXF/duTxI8JOU1c/9GhRPiMdfeXH7vYNcMmtjwX7jg=="],

    "sass-embedded-android-arm64": ["sass-embedded-android-arm64@1.97.3", "", { "os": "android", "cpu": "arm64" }, "sha512-aiZ6iqiHsUsaDx0EFbbmmA0QgxicSxVVN3lnJJ0f1RStY0DthUkquGT5RJ4TPdaZ6ebeJWkboV4bra+CP766eA=="],

    "sass-embedded-android-riscv64": ["sass-embedded-android-riscv64@1.97.3", "", { "os": "android", "cpu": "none" }, "sha512-zVEDgl9JJodofGHobaM/q6pNETG69uuBIGQHRo789jloESxxZe82lI3AWJQuPmYCOG5ElfRthqgv89h3gTeLYA=="],

    "sass-embedded-android-x64": ["sass-embedded-android-x64@1.97.3", "", { "os": "android", "cpu": "x64" }, "sha512-3ke0le7ZKepyXn/dKKspYkpBC0zUk/BMciyP5ajQUDy4qJwobd8zXdAq6kOkdiMB+d9UFJOmEkvgFJHl3lqwcw=="],

    "sass-embedded-darwin-arm64": ["sass-embedded-darwin-arm64@1.97.3", "", { "os": "darwin", "cpu": "arm64" }, "sha512-fuqMTqO4gbOmA/kC5b9y9xxNYw6zDEyfOtMgabS7Mz93wimSk2M1quQaTJnL98Mkcsl2j+7shNHxIS/qpcIDDA=="],

    "sass-embedded-darwin-x64": ["sass-embedded-darwin-x64@1.97.3", "", { "os": "darwin", "cpu": "x64" }, "sha512-b/2RBs/2bZpP8lMkyZ0Px0vkVkT8uBd0YXpOwK7iOwYkAT8SsO4+WdVwErsqC65vI5e1e5p1bb20tuwsoQBMVA=="],

    "sass-embedded-linux-arm": ["sass-embedded-linux-arm@1.97.3", "", { "os": "linux", "cpu": "arm" }, "sha512-2lPQ7HQQg4CKsH18FTsj2hbw5GJa6sBQgDsls+cV7buXlHjqF8iTKhAQViT6nrpLK/e8nFCoaRgSqEC8xMnXuA=="],

    "sass-embedded-linux-arm64": ["sass-embedded-linux-arm64@1.97.3", "", { "os": "linux", "cpu": "arm64" }, "sha512-IP1+2otCT3DuV46ooxPaOKV1oL5rLjteRzf8ldZtfIEcwhSgSsHgA71CbjYgLEwMY9h4jeal8Jfv3QnedPvSjg=="],

    "sass-embedded-linux-musl-arm": ["sass-embedded-linux-musl-arm@1.97.3", "", { "os": "linux", "cpu": "arm" }, "sha512-cBTMU68X2opBpoYsSZnI321gnoaiMBEtc+60CKCclN6PCL3W3uXm8g4TLoil1hDD6mqU9YYNlVG6sJ+ZNef6Lg=="],

    "sass-embedded-linux-musl-arm64": ["sass-embedded-linux-musl-arm64@1.97.3", "", { "os": "linux", "cpu": "arm64" }, "sha512-Lij0SdZCsr+mNRSyDZ7XtJpXEITrYsaGbOTz5e6uFLJ9bmzUbV7M8BXz2/cA7bhfpRPT7/lwRKPdV4+aR9Ozcw=="],

    "sass-embedded-linux-musl-riscv64": ["sass-embedded-linux-musl-riscv64@1.97.3", "", { "os": "linux", "cpu": "none" }, "sha512-sBeLFIzMGshR4WmHAD4oIM7WJVkSoCIEwutzptFtGlSlwfNiijULp+J5hA2KteGvI6Gji35apR5aWj66wEn/iA=="],

    "sass-embedded-linux-musl-x64": ["sass-embedded-linux-musl-x64@1.97.3", "", { "os": "linux", "cpu": "x64" }, "sha512-/oWJ+OVrDg7ADDQxRLC/4g1+Nsz1g4mkYS2t6XmyMJKFTFK50FVI2t5sOdFH+zmMp+nXHKM036W94y9m4jjEcw=="],

    "sass-embedded-linux-riscv64": ["sass-embedded-linux-riscv64@1.97.3", "", { "os": "linux", "cpu": "none" }, "sha512-l3IfySApLVYdNx0Kjm7Zehte1CDPZVcldma3dZt+TfzvlAEerM6YDgsk5XEj3L8eHBCgHgF4A0MJspHEo2WNfA=="],

    "sass-embedded-linux-x64": ["sass-embedded-linux-x64@1.97.3", "", { "os": "linux", "cpu": "x64" }, "sha512-Kwqwc/jSSlcpRjULAOVbndqEy2GBzo6OBmmuBVINWUaJLJ8Kczz3vIsDUWLfWz/kTEw9FHBSiL0WCtYLVAXSLg=="],

    "sass-embedded-unknown-all": ["sass-embedded-unknown-all@1.97.3", "", { "dependencies": { "sass": "1.97.3" }, "os": [ "!linux", "!win32", "!darwin", "!android", ] }, "sha512-/GHajyYJmvb0IABUQHbVHf1nuHPtIDo/ClMZ81IDr59wT5CNcMe7/dMNujXwWugtQVGI5UGmqXWZQCeoGnct8Q=="],

    "sass-embedded-win32-arm64": ["sass-embedded-win32-arm64@1.97.3", "", { "os": "win32", "cpu": "arm64" }, "sha512-RDGtRS1GVvQfMGAmVXNxYiUOvPzn9oO1zYB/XUM9fudDRnieYTcUytpNTQZLs6Y1KfJxgt5Y+giRceC92fT8Uw=="],

    "sass-embedded-win32-x64": ["sass-embedded-win32-x64@1.97.3", "", { "os": "win32", "cpu": "x64" }, "sha512-SFRa2lED9UEwV6vIGeBXeBOLKF+rowF3WmNfb/BzhxmdAsKofCXrJ8ePW7OcDVrvNEbTOGwhsReIsF5sH8fVaw=="],

    "source-map-js": ["source-map-js@1.2.1", "", {}, "sha512-UXWMKhLOwVKb728IUtQPXxfYU+usdybtUrK/8uGE8CQMvrhOpwvzDBwj0QhSL7MQc7vIsISBG8VQ8+IDQxpfQA=="],

    "supports-color": ["supports-color@8.1.1", "", { "dependencies": { "has-flag": "^4.0.0" } }, "sha512-MpUEN2OodtUzxvKQl72cUF7RQ5EiHsGvSsVG0ia9c5RbWGL2CI4C7EpPS8UTBIplnlzZiNuV56w+FuNxy3ty2Q=="],

    "svelte": ["svelte@5.50.3", "", { "dependencies": { "@jridgewell/remapping": "^2.3.4", "@jridgewell/sourcemap-codec": "^1.5.0", "@sveltejs/acorn-typescript": "^1.0.5", "@types/estree": "^1.0.5", "acorn": "^8.12.1", "aria-query": "^5.3.1", "axobject-query": "^4.1.0", "clsx": "^2.1.1", "devalue": "^5.6.2", "esm-env": "^1.2.1", "esrap": "^2.2.2", "is-reference": "^3.0.3", "locate-character": "^3.0.0", "magic-string": "^0.30.11", "zimmerframe": "^1.1.2" } }, "sha512-5JCO8P/cFlwyfi1LeZ9uppMZvuaHWygyZmqxyKOIqbV3PoHKaddvV1C6njL/InpDXplNYZnAVEbn8mLslycBxQ=="],

    "svelte-check": ["svelte-check@4.3.6", "", { "dependencies": { "@jridgewell/trace-mapping": "^0.3.25", "chokidar": "^4.0.1", "fdir": "^6.2.0", "picocolors": "^1.0.0", "sade": "^1.7.4" }, "peerDependencies": { "svelte": "^4.0.0 || ^5.0.0-next.0", "typescript": ">=5.0.0" }, "bin": { "svelte-check": "bin/svelte-check" } }, "sha512-uBkz96ElE3G4pt9E1Tw0xvBfIUQkeH794kDQZdAUk795UVMr+NJZpuFSS62vcmO/DuSalK83LyOwhgWq8YGU1Q=="],

    "svelte-dev-helper": ["svelte-dev-helper@1.1.9", "", {}, "sha512-oU+Xv7Dl4kRU2kdFjsoPLfJfnt5hUhsFUZtuzI3Ku/f2iAFZqBoEuXOqK3N9ngD4dxQOmN4OKWPHVi3NeAeAfQ=="],

    "svelte-hmr": ["svelte-hmr@0.14.12", "", { "peerDependencies": { "svelte": ">=3.19.0" } }, "sha512-4QSW/VvXuqVcFZ+RhxiR8/newmwOCTlbYIezvkeN6302YFRE8cXy0naamHcjz8Y9Ce3ITTZtrHrIL0AGfyo61w=="],

    "svelte-loader": ["svelte-loader@3.2.4", "", { "dependencies": { "loader-utils": "^2.0.4", "svelte-dev-helper": "^1.1.9", "svelte-hmr": "^0.14.2" }, "peerDependencies": { "svelte": "^3.0.0 || ^4.0.0-next.0 || ^5.0.0-next.1" } }, "sha512-e0HdDnkYH/MDx4/IfTSka5AOFg9yYJcPuoZJB5x0l60fkHjVjNvrrxr+rJegDG9J7ZymmdHt00/hdLw+QF299w=="],

    "svelte-preprocess": ["svelte-preprocess@6.0.3", "", { "peerDependencies": { "@babel/core": "^7.10.2", "coffeescript": "^2.5.1", "less": "^3.11.3 || ^4.0.0", "postcss": "^7 || ^8", "postcss-load-config": ">=3", "pug": "^3.0.0", "sass": "^1.26.8", "stylus": ">=0.55", "sugarss": "^2.0.0 || ^3.0.0 || ^4.0.0", "svelte": "^4.0.0 || ^5.0.0-next.100 || ^5.0.0", "typescript": "^5.0.0" }, "optionalPeers": ["@babel/core", "coffeescript", "less", "postcss", "postcss-load-config", "pug", "sass", "stylus", "sugarss", "typescript"] }, "sha512-PLG2k05qHdhmRG7zR/dyo5qKvakhm8IJ+hD2eFRQmMLHp7X3eJnjeupUtvuRpbNiF31RjVw45W+abDwHEmP5OA=="],

    "sync-child-process": ["sync-child-process@1.0.2", "", { "dependencies": { "sync-message-port": "^1.0.0" } }, "sha512-8lD+t2KrrScJ/7KXCSyfhT3/hRq78rC0wBFqNJXv3mZyn6hW2ypM05JmlSvtqRbeq6jqA94oHbxAr2vYsJ8vDA=="],

    "sync-message-port": ["sync-message-port@1.2.0", "", {}, "sha512-gAQ9qrUN/UCypHtGFbbe7Rc/f9bzO88IwrG8TDo/aMKAApKyD6E3W4Cm0EfhfBb6Z6SKt59tTCTfD+n1xmAvMg=="],

    "tslib": ["tslib@2.8.1", "", {}, "sha512-oJFu94HQb+KVduSUQL7wnpmqnfmLsOA/nAh6b6EH0wCEoK0/mPeXU6c3wKDV83MkOuHPRHtSXKKU99IBazS/2w=="],

    "typescript": ["typescript@5.9.3", "", { "bin": { "tsc": "bin/tsc", "tsserver": "bin/tsserver" } }, "sha512-jl1vZzPDinLr9eUt3J/t7V6FgNEw9QjvBPdysz9KfQDD41fQrC2Y4vKQdiaUpFT4bXlb1RHhLpp8wtm6M5TgSw=="],

    "varint": ["varint@6.0.0", "", {}, "sha512-cXEIW6cfr15lFv563k4GuVuW/fiwjknytD37jIOLSdSWuOI6WnO/oKwmP2FQTU2l01LP8/M5TSAJpzUaGe3uWg=="],

    "zimmerframe": ["zimmerframe@1.1.4", "", {}, "sha512-B58NGBEoc8Y9MWWCQGl/gq9xBCe4IiKM0a2x7GZdQKOW5Exr8S1W24J6OgM1njK8xCRGvAJIL/MxXHf6SkmQKQ=="],
  }
}
